github.com/wowchemy/wowchemy-hugo-modules/wowchemy v0.0.0-20210413192202-ab8d28988e0e h1:l9ZvxE12kMiwIV5eMUAaQ64aopV7NaBMAIOSTy1kIqg=
github.com/wowchemy/wowchemy-hugo-modules/wowchemy v0.0.0-20210413192202-ab8d28988e0e/go.mod h1:H22qfH9qj3FWwsk7+bAZpmT24yRGNQURah2/IRwjbn8=
github.com/wowchemy/wowchemy-hugo-modules/wowchemy-cms v0.0.0-20210413192202-ab8d28988e0e h1:VVNzzaAkvHR7YEfqPB2wembtTOKSsW+1I5aKBm7zhh4=
github.com/wowchemy/wowchemy-hugo-modules/wowchemy-cms v0.0.0-20210413192202-ab8d28988e0e/go.mod h1:AKpYbqUVlj0VYsc7Jsxe1o8Ko2yV31A5ZPdfpACcXJw=
github.com/wowchemy/wowchemy-hugo-themes/modules/wowchemy-core v0.1.0/go.mod h1:kJwI9H8dicHQCnP8G9EvUDI+oNg/yXcGsjGjwjXuM8I=
github.com/wowchemy/wowchemy-hugo-themes/modules/wowchemy-core v0.2.1-0.20231101183355-53a94b591ea8/go.mod h1:kJwI9H8dicHQCnP8G9EvUDI+oNg/yXcGsjGjwjXuM8I=
github.com/wowchemy/wowchemy-hugo-themes/modules/wowchemy-core v0.2.1-0.20231101183733-7b61e2f369e6/go.mod h1:kJwI9H8dicHQCnP8G9EvUDI+oNg/yXcGsjGjwjXuM8I=
github.com/wowchemy/wowchemy-hugo-themes/modules/wowchemy-plugin-netlify v1.0.1-0.20231016002024-b343bdd4a0a3 h1:IHLQIbXnWVW1pVUWbmu2RD3V+CeWS4yQkZhXBDytst4=
github.com/wowchemy/wowchemy-hugo-themes/modules/wowchemy-plugin-netlify v1.0.1-0.20231016002024-b343bdd4a0a3/go.mod h1:s40UgLsWfVyCLQ2F4F3dBcNfZOXcPGld7KxsKhZdzvM=
github.com/wowchemy/wowchemy-hugo-themes/modules/wowchemy-plugin-netlify v1.1.0 h1:I0ZJdoU4iGXbrNdIk5alwUZJhb8FABh2e7grpX6ACAU=
github.com/wowchemy/wowchemy-hugo-themes/modules/wowchemy-plugin-netlify v1.1.0/go.mod h1:s40UgLsWfVyCLQ2F4F3dBcNfZOXcPGld7KxsKhZdzvM=
github.com/wowchemy/wowchemy-hugo-themes/modules/wowchemy-plugin-reveal v0.0.0-20231016002024-b343bdd4a0a3 h1:qVF6axYwxrXfHqU9S+J2iINYAAQy1gbCYCS5uHI9vO8=
github.com/wowchemy/wowchemy-hugo-themes/modules/wowchemy-plugin-reveal v0.0.0-20231016002024-b343bdd4a0a3/go.mod h1:u2hgU45C6Oi3CwMzSNvTwuRTsKs7O46EG3MTjNKu7gE=
github.com/wowchemy/wowchemy-hugo-themes/modules/wowchemy-plugin-reveal v1.1.0 h1:3ftryJQtT+ECJZ7Xl/EQpo7xXRV9Ol9S6O58mtemdX0=
github.com/wowchemy/wowchemy-hugo-themes/modules/wowchemy-plugin-reveal v1.1.0/go.mod h1:F7KcUWe4ekU9rMXy33pi9/d+o0PGTUJqPsYbkHRj5J8=
github.com/wowchemy/wowchemy-hugo-themes/modules/wowchemy-seo v0.1.1-0.20231101183733-7b61e2f369e6/go.mod h1:ecSfomc5wqJSsZb+WuOJGMqCDxONsooRuWmIObTOpR0=
github.com/wowchemy/wowchemy-hugo-themes/modules/wowchemy/v5 v5.9.0 h1:k7vB8NFZ39dWr8MHemJE+MSClGnFN7OrCBa8so/v+UA=
github.com/wowchemy/wowchemy-hugo-themes/modules/wowchemy/v5 v5.9.0/go.mod h1:lt2bI75FiRLJ5Z6BnzfVtag2hBpIISLduGq6I8KkLEE=
